
Microsoft Visual Studio Solution File, Format Version 12.00
# Visual Studio 15
VisualStudioVersion = 15.0.28010.2050
MinimumVisualStudioVersion = 10.0.40219.1
Project("{E24C65DC-7377-472B-9ABA-BC803B73C61A}") = "Terrain Editor", ".", "{7E38B51F-DCEB-4B70-B234-1952310F8773}"
	ProjectSection(WebsiteProperties) = preProject
		TargetFrameworkMoniker = ".NETFramework,Version%3Dv4.0"
		Debug.AspNetCompiler.VirtualPath = "/localhost_62649"
		Debug.AspNetCompiler.PhysicalPath = "..\Terrain Editor\"
		Debug.AspNetCompiler.TargetPath = "PrecompiledWeb\localhost_62649\"
		Debug.AspNetCompiler.Updateable = "true"
		Debug.AspNetCompiler.ForceOverwrite = "true"
		Debug.AspNetCompiler.FixedNames = "false"
		Debug.AspNetCompiler.Debug = "True"
		Release.AspNetCompiler.VirtualPath = "/localhost_62649"
		Release.AspNetCompiler.PhysicalPath = "..\Terrain Editor\"
		Release.AspNetCompiler.TargetPath = "PrecompiledWeb\localhost_62649\"
		Release.AspNetCompiler.Updateable = "true"
		Release.AspNetCompiler.ForceOverwrite = "true"
		Release.AspNetCompiler.FixedNames = "false"
		Release.AspNetCompiler.Debug = "False"
		VWDPort = "62649"
		SlnRelativePath = "..\Terrain Editor\"
	EndProjectSection
EndProject
Global
	GlobalSection(SolutionConfigurationPlatforms) = preSolution
		Debug|Any CPU = Debug|Any CPU
	EndGlobalSection
	GlobalSection(ProjectConfigurationPlatforms) = postSolution
		{7E38B51F-DCEB-4B70-B234-1952310F8773}.Debug|Any CPU.ActiveCfg = Debug|Any CPU
		{7E38B51F-DCEB-4B70-B234-1952310F8773}.Debug|Any CPU.Build.0 = Debug|Any CPU
	EndGlobalSection
	GlobalSection(SolutionProperties) = preSolution
		HideSolutionNode = FALSE
	EndGlobalSection
	GlobalSection(ExtensibilityGlobals) = postSolution
		SolutionGuid = {0ADB7D82-AAA0-4661-9E84-7CA34C01102A}
	EndGlobalSection
EndGlobal
